// !$*UTF8*$!
{
	archiveVersion = 1;
	classes = {
	};
	objectVersion = 56;
	objects = {

/* Begin PBXBuildFile section */
		042E96452A93990C00A6EFAC /* RoundedImageView.swift in Sources */ = {isa = PBXBuildFile; fileRef = 042E96442A93990C00A6EFAC /* RoundedImageView.swift */; };
		042E96472A939A0400A6EFAC /* UIView+Ext.swift in Sources */ = {isa = PBXBuildFile; fileRef = 042E96462A939A0400A6EFAC /* UIView+Ext.swift */; };
		042E964B2A939FD000A6EFAC /* DetailGameViewController.swift in Sources */ = {isa = PBXBuildFile; fileRef = 042E96492A939FD000A6EFAC /* DetailGameViewController.swift */; };
		042E964C2A939FD000A6EFAC /* DetailGameViewController.xib in Resources */ = {isa = PBXBuildFile; fileRef = 042E964A2A939FD000A6EFAC /* DetailGameViewController.xib */; };
		042E964E2A93A01400A6EFAC /* DetailGameViewModel.swift in Sources */ = {isa = PBXBuildFile; fileRef = 042E964D2A93A01400A6EFAC /* DetailGameViewModel.swift */; };
		044494302A90AC8400B46974 /* AppDelegate.swift in Sources */ = {isa = PBXBuildFile; fileRef = 0444942F2A90AC8400B46974 /* AppDelegate.swift */; };
		044494322A90AC8400B46974 /* SceneDelegate.swift in Sources */ = {isa = PBXBuildFile; fileRef = 044494312A90AC8400B46974 /* SceneDelegate.swift */; };
		044494342A90AC8400B46974 /* ViewController.swift in Sources */ = {isa = PBXBuildFile; fileRef = 044494332A90AC8400B46974 /* ViewController.swift */; };
		044494372A90AC8400B46974 /* Main.storyboard in Resources */ = {isa = PBXBuildFile; fileRef = 044494352A90AC8400B46974 /* Main.storyboard */; };
		044494392A90AC8500B46974 /* Assets.xcassets in Resources */ = {isa = PBXBuildFile; fileRef = 044494382A90AC8500B46974 /* Assets.xcassets */; };
		0444943C2A90AC8500B46974 /* LaunchScreen.storyboard in Resources */ = {isa = PBXBuildFile; fileRef = 0444943A2A90AC8500B46974 /* LaunchScreen.storyboard */; };
		049B39432A944477007ECD5C /* GameDetailResponse.swift in Sources */ = {isa = PBXBuildFile; fileRef = 049B39422A944477007ECD5C /* GameDetailResponse.swift */; };
		049B39452A944879007ECD5C /* GameDetailModel.swift in Sources */ = {isa = PBXBuildFile; fileRef = 049B39442A944879007ECD5C /* GameDetailModel.swift */; };
		049EABC22A90FA9400FFFA66 /* GameModel.swift in Sources */ = {isa = PBXBuildFile; fileRef = 049EABC12A90FA9400FFFA66 /* GameModel.swift */; };
		049EABC82A90FD8E00FFFA66 /* GameRepository.swift in Sources */ = {isa = PBXBuildFile; fileRef = 049EABC72A90FD8E00FFFA66 /* GameRepository.swift */; };
		049EABCA2A90FDA200FFFA66 /* RemoteDataSource.swift in Sources */ = {isa = PBXBuildFile; fileRef = 049EABC92A90FDA200FFFA66 /* RemoteDataSource.swift */; };
		049EABCC2A90FDB300FFFA66 /* GameResponse.swift in Sources */ = {isa = PBXBuildFile; fileRef = 049EABCB2A90FDB300FFFA66 /* GameResponse.swift */; };
		049EABD02A9102EE00FFFA66 /* NetworkUtil.swift in Sources */ = {isa = PBXBuildFile; fileRef = 049EABCF2A9102EE00FFFA66 /* NetworkUtil.swift */; };
		049EABD32A91055D00FFFA66 /* CustomeError+Ext.swift in Sources */ = {isa = PBXBuildFile; fileRef = 049EABD22A91055D00FFFA66 /* CustomeError+Ext.swift */; };
		049EABD52A911A3400FFFA66 /* HomeViewModel.swift in Sources */ = {isa = PBXBuildFile; fileRef = 049EABD42A911A3400FFFA66 /* HomeViewModel.swift */; };
		049EABD82A911C6200FFFA66 /* ViewModelUtil.swift in Sources */ = {isa = PBXBuildFile; fileRef = 049EABD72A911C6200FFFA66 /* ViewModelUtil.swift */; };
		049EABDA2A911FEC00FFFA66 /* UITableView+Extension.swift in Sources */ = {isa = PBXBuildFile; fileRef = 049EABD92A911FEC00FFFA66 /* UITableView+Extension.swift */; };
		049EABDD2A91241F00FFFA66 /* Injection.swift in Sources */ = {isa = PBXBuildFile; fileRef = 049EABDC2A91241F00FFFA66 /* Injection.swift */; };
		04CABEB32A9387290033A80B /* UIImageView+Ext.swift in Sources */ = {isa = PBXBuildFile; fileRef = 04CABEB22A9387290033A80B /* UIImageView+Ext.swift */; };
		04CABEB62A9388210033A80B /* ListGameViewTableCell.swift in Sources */ = {isa = PBXBuildFile; fileRef = 04CABEB52A9388210033A80B /* ListGameViewTableCell.swift */; };
		04EFA66E2A94FCC800A6EDE4 /* String+Ext.swift in Sources */ = {isa = PBXBuildFile; fileRef = 04EFA66D2A94FCC800A6EDE4 /* String+Ext.swift */; };
		57F9F8027A393CC66AF71F1F /* Pods_Rawg_Io_API.framework in Frameworks */ = {isa = PBXBuildFile; fileRef = 72A62BE2B7E4DD70BF42951D /* Pods_Rawg_Io_API.framework */; };
/* End PBXBuildFile section */

/* Begin PBXFileReference section */
		042E96442A93990C00A6EFAC /* RoundedImageView.swift */ = {isa = PBXFileReference; lastKnownFileType = sourcecode.swift; path = RoundedImageView.swift; sourceTree = "<group>"; };
		042E96462A939A0400A6EFAC /* UIView+Ext.swift */ = {isa = PBXFileReference; lastKnownFileType = sourcecode.swift; path = "UIView+Ext.swift"; sourceTree = "<group>"; };
		042E96492A939FD000A6EFAC /* DetailGameViewController.swift */ = {isa = PBXFileReference; lastKnownFileType = sourcecode.swift; path = DetailGameViewController.swift; sourceTree = "<group>"; };
		042E964A2A939FD000A6EFAC /* DetailGameViewController.xib */ = {isa = PBXFileReference; lastKnownFileType = file.xib; path = DetailGameViewController.xib; sourceTree = "<group>"; };
		042E964D2A93A01400A6EFAC /* DetailGameViewModel.swift */ = {isa = PBXFileReference; lastKnownFileType = sourcecode.swift; path = DetailGameViewModel.swift; sourceTree = "<group>"; };
		0444942C2A90AC8400B46974 /* Rawg Io API.app */ = {isa = PBXFileReference; explicitFileType = wrapper.application; includeInIndex = 0; path = "Rawg Io API.app"; sourceTree = BUILT_PRODUCTS_DIR; };
		0444942F2A90AC8400B46974 /* AppDelegate.swift */ = {isa = PBXFileReference; lastKnownFileType = sourcecode.swift; path = AppDelegate.swift; sourceTree = "<group>"; };
		044494312A90AC8400B46974 /* SceneDelegate.swift */ = {isa = PBXFileReference; lastKnownFileType = sourcecode.swift; path = SceneDelegate.swift; sourceTree = "<group>"; };
		044494332A90AC8400B46974 /* ViewController.swift */ = {isa = PBXFileReference; lastKnownFileType = sourcecode.swift; path = ViewController.swift; sourceTree = "<group>"; };
		044494362A90AC8400B46974 /* Base */ = {isa = PBXFileReference; lastKnownFileType = file.storyboard; name = Base; path = Base.lproj/Main.storyboard; sourceTree = "<group>"; };
		044494382A90AC8500B46974 /* Assets.xcassets */ = {isa = PBXFileReference; lastKnownFileType = folder.assetcatalog; path = Assets.xcassets; sourceTree = "<group>"; };
		0444943B2A90AC8500B46974 /* Base */ = {isa = PBXFileReference; lastKnownFileType = file.storyboard; name = Base; path = Base.lproj/LaunchScreen.storyboard; sourceTree = "<group>"; };
		0444943D2A90AC8500B46974 /* Info.plist */ = {isa = PBXFileReference; lastKnownFileType = text.plist.xml; path = Info.plist; sourceTree = "<group>"; };
		049B39422A944477007ECD5C /* GameDetailResponse.swift */ = {isa = PBXFileReference; lastKnownFileType = sourcecode.swift; path = GameDetailResponse.swift; sourceTree = "<group>"; };
		049B39442A944879007ECD5C /* GameDetailModel.swift */ = {isa = PBXFileReference; lastKnownFileType = sourcecode.swift; path = GameDetailModel.swift; sourceTree = "<group>"; };
		049EABC12A90FA9400FFFA66 /* GameModel.swift */ = {isa = PBXFileReference; lastKnownFileType = sourcecode.swift; path = GameModel.swift; sourceTree = "<group>"; };
		049EABC72A90FD8E00FFFA66 /* GameRepository.swift */ = {isa = PBXFileReference; lastKnownFileType = sourcecode.swift; path = GameRepository.swift; sourceTree = "<group>"; };
		049EABC92A90FDA200FFFA66 /* RemoteDataSource.swift */ = {isa = PBXFileReference; lastKnownFileType = sourcecode.swift; path = RemoteDataSource.swift; sourceTree = "<group>"; };
		049EABCB2A90FDB300FFFA66 /* GameResponse.swift */ = {isa = PBXFileReference; lastKnownFileType = sourcecode.swift; path = GameResponse.swift; sourceTree = "<group>"; };
		049EABCF2A9102EE00FFFA66 /* NetworkUtil.swift */ = {isa = PBXFileReference; lastKnownFileType = sourcecode.swift; path = NetworkUtil.swift; sourceTree = "<group>"; };
		049EABD22A91055D00FFFA66 /* CustomeError+Ext.swift */ = {isa = PBXFileReference; lastKnownFileType = sourcecode.swift; path = "CustomeError+Ext.swift"; sourceTree = "<group>"; };
		049EABD42A911A3400FFFA66 /* HomeViewModel.swift */ = {isa = PBXFileReference; lastKnownFileType = sourcecode.swift; path = HomeViewModel.swift; sourceTree = "<group>"; };
		049EABD72A911C6200FFFA66 /* ViewModelUtil.swift */ = {isa = PBXFileReference; lastKnownFileType = sourcecode.swift; path = ViewModelUtil.swift; sourceTree = "<group>"; };
		049EABD92A911FEC00FFFA66 /* UITableView+Extension.swift */ = {isa = PBXFileReference; lastKnownFileType = sourcecode.swift; path = "UITableView+Extension.swift"; sourceTree = "<group>"; };
		049EABDC2A91241F00FFFA66 /* Injection.swift */ = {isa = PBXFileReference; lastKnownFileType = sourcecode.swift; path = Injection.swift; sourceTree = "<group>"; };
		04CABEB22A9387290033A80B /* UIImageView+Ext.swift */ = {isa = PBXFileReference; lastKnownFileType = sourcecode.swift; path = "UIImageView+Ext.swift"; sourceTree = "<group>"; };
		04CABEB52A9388210033A80B /* ListGameViewTableCell.swift */ = {isa = PBXFileReference; lastKnownFileType = sourcecode.swift; path = ListGameViewTableCell.swift; sourceTree = "<group>"; };
		04EFA66D2A94FCC800A6EDE4 /* String+Ext.swift */ = {isa = PBXFileReference; lastKnownFileType = sourcecode.swift; path = "String+Ext.swift"; sourceTree = "<group>"; };
		2C2697BD2E1F2299E2994009 /* Pods-Rawg Io API.debug.xcconfig */ = {isa = PBXFileReference; includeInIndex = 1; lastKnownFileType = text.xcconfig; name = "Pods-Rawg Io API.debug.xcconfig"; path = "Target Support Files/Pods-Rawg Io API/Pods-Rawg Io API.debug.xcconfig"; sourceTree = "<group>"; };
		72A62BE2B7E4DD70BF42951D /* Pods_Rawg_Io_API.framework */ = {isa = PBXFileReference; explicitFileType = wrapper.framework; includeInIndex = 0; path = Pods_Rawg_Io_API.framework; sourceTree = BUILT_PRODUCTS_DIR; };
		74EA97485A53F6E71B52BE8F /* Pods-Rawg Io API.release.xcconfig */ = {isa = PBXFileReference; includeInIndex = 1; lastKnownFileType = text.xcconfig; name = "Pods-Rawg Io API.release.xcconfig"; path = "Target Support Files/Pods-Rawg Io API/Pods-Rawg Io API.release.xcconfig"; sourceTree = "<group>"; };
/* End PBXFileReference section */

/* Begin PBXFrameworksBuildPhase section */
		044494292A90AC8400B46974 /* Frameworks */ = {
			isa = PBXFrameworksBuildPhase;
			buildActionMask = 2147483647;
			files = (
				57F9F8027A393CC66AF71F1F /* Pods_Rawg_Io_API.framework in Frameworks */,
			);
			runOnlyForDeploymentPostprocessing = 0;
		};
/* End PBXFrameworksBuildPhase section */

/* Begin PBXGroup section */
		042E96432A9398FF00A6EFAC /* CustomView */ = {
			isa = PBXGroup;
			children = (
				042E96442A93990C00A6EFAC /* RoundedImageView.swift */,
			);
			path = CustomView;
			sourceTree = "<group>";
		};
		042E96482A939FB300A6EFAC /* DetailGame */ = {
			isa = PBXGroup;
			children = (
				042E964F2A93AC1200A6EFAC /* PlatformCell */,
				042E96492A939FD000A6EFAC /* DetailGameViewController.swift */,
				042E964A2A939FD000A6EFAC /* DetailGameViewController.xib */,
				042E964D2A93A01400A6EFAC /* DetailGameViewModel.swift */,
			);
			path = DetailGame;
			sourceTree = "<group>";
		};
		042E964F2A93AC1200A6EFAC /* PlatformCell */ = {
			isa = PBXGroup;
			children = (
			);
			path = PlatformCell;
			sourceTree = "<group>";
		};
		044494232A90AC8400B46974 = {
			isa = PBXGroup;
			children = (
				0444942E2A90AC8400B46974 /* Rawg Io API */,
				0444942D2A90AC8400B46974 /* Products */,
				B0993D50D042A45EA17AE8C0 /* Pods */,
				6B33DE9E851C0A5B5AB09B61 /* Frameworks */,
			);
			sourceTree = "<group>";
		};
		0444942D2A90AC8400B46974 /* Products */ = {
			isa = PBXGroup;
			children = (
				0444942C2A90AC8400B46974 /* Rawg Io API.app */,
			);
			name = Products;
			sourceTree = "<group>";
		};
		0444942E2A90AC8400B46974 /* Rawg Io API */ = {
			isa = PBXGroup;
			children = (
				042E96432A9398FF00A6EFAC /* CustomView */,
				049EABDB2A91240D00FFFA66 /* DI */,
				049EABCD2A9102D300FFFA66 /* Utils */,
				049EABBE2A90FA6C00FFFA66 /* Core */,
				044494442A90ECB000B46974 /* Module */,
				044494432A90EA1300B46974 /* App */,
				044494382A90AC8500B46974 /* Assets.xcassets */,
				0444943A2A90AC8500B46974 /* LaunchScreen.storyboard */,
				0444943D2A90AC8500B46974 /* Info.plist */,
			);
			path = "Rawg Io API";
			sourceTree = "<group>";
		};
		044494432A90EA1300B46974 /* App */ = {
			isa = PBXGroup;
			children = (
				0444942F2A90AC8400B46974 /* AppDelegate.swift */,
				044494312A90AC8400B46974 /* SceneDelegate.swift */,
			);
			path = App;
			sourceTree = "<group>";
		};
		044494442A90ECB000B46974 /* Module */ = {
			isa = PBXGroup;
			children = (
				044494462A90ECCE00B46974 /* Detail */,
				044494452A90ECBA00B46974 /* Home */,
			);
			path = Module;
			sourceTree = "<group>";
		};
		044494452A90ECBA00B46974 /* Home */ = {
			isa = PBXGroup;
			children = (
				044494492A90EDFF00B46974 /* Router */,
				044494482A90EDEE00B46974 /* ViewModel */,
				044494472A90EDE600B46974 /* View */,
			);
			path = Home;
			sourceTree = "<group>";
		};
		044494462A90ECCE00B46974 /* Detail */ = {
			isa = PBXGroup;
			children = (
			);
			path = Detail;
			sourceTree = "<group>";
		};
		044494472A90EDE600B46974 /* View */ = {
			isa = PBXGroup;
			children = (
				042E96482A939FB300A6EFAC /* DetailGame */,
				044494502A90EFB900B46974 /* Home */,
			);
			path = View;
			sourceTree = "<group>";
		};
		044494482A90EDEE00B46974 /* ViewModel */ = {
			isa = PBXGroup;
			children = (
			);
			path = ViewModel;
			sourceTree = "<group>";
		};
		044494492A90EDFF00B46974 /* Router */ = {
			isa = PBXGroup;
			children = (
			);
			path = Router;
			sourceTree = "<group>";
		};
		044494502A90EFB900B46974 /* Home */ = {
			isa = PBXGroup;
			children = (
				04CABEB42A93880C0033A80B /* ListGame */,
				044494352A90AC8400B46974 /* Main.storyboard */,
				044494332A90AC8400B46974 /* ViewController.swift */,
				049EABD42A911A3400FFFA66 /* HomeViewModel.swift */,
			);
			path = Home;
			sourceTree = "<group>";
		};
		049EABBE2A90FA6C00FFFA66 /* Core */ = {
			isa = PBXGroup;
			children = (
				049EABC32A90FD4F00FFFA66 /* Data */,
				049EABBF2A90FA7700FFFA66 /* Domain */,
			);
			path = Core;
			sourceTree = "<group>";
		};
		049EABBF2A90FA7700FFFA66 /* Domain */ = {
			isa = PBXGroup;
			children = (
				049EABC02A90FA7D00FFFA66 /* Model */,
			);
			path = Domain;
			sourceTree = "<group>";
		};
		049EABC02A90FA7D00FFFA66 /* Model */ = {
			isa = PBXGroup;
			children = (
				049EABC12A90FA9400FFFA66 /* GameModel.swift */,
				049B39442A944879007ECD5C /* GameDetailModel.swift */,
			);
			path = Model;
			sourceTree = "<group>";
		};
		049EABC32A90FD4F00FFFA66 /* Data */ = {
			isa = PBXGroup;
			children = (
				049EABC62A90FD7D00FFFA66 /* Repository */,
				049EABC42A90FD5A00FFFA66 /* Remote */,
			);
			path = Data;
			sourceTree = "<group>";
		};
		049EABC42A90FD5A00FFFA66 /* Remote */ = {
			isa = PBXGroup;
			children = (
				049EABC52A90FD6300FFFA66 /* Response */,
				049EABC92A90FDA200FFFA66 /* RemoteDataSource.swift */,
			);
			path = Remote;
			sourceTree = "<group>";
		};
		049EABC52A90FD6300FFFA66 /* Response */ = {
			isa = PBXGroup;
			children = (
				049EABCB2A90FDB300FFFA66 /* GameResponse.swift */,
				049B39422A944477007ECD5C /* GameDetailResponse.swift */,
			);
			path = Response;
			sourceTree = "<group>";
		};
		049EABC62A90FD7D00FFFA66 /* Repository */ = {
			isa = PBXGroup;
			children = (
				049EABC72A90FD8E00FFFA66 /* GameRepository.swift */,
			);
			path = Repository;
			sourceTree = "<group>";
		};
		049EABCD2A9102D300FFFA66 /* Utils */ = {
			isa = PBXGroup;
			children = (
				049EABD62A911C5400FFFA66 /* ViewModel */,
				049EABD12A91054D00FFFA66 /* Ext */,
				049EABCE2A9102DF00FFFA66 /* Network */,
			);
			path = Utils;
			sourceTree = "<group>";
		};
		049EABCE2A9102DF00FFFA66 /* Network */ = {
			isa = PBXGroup;
			children = (
				049EABCF2A9102EE00FFFA66 /* NetworkUtil.swift */,
			);
			path = Network;
			sourceTree = "<group>";
		};
		049EABD12A91054D00FFFA66 /* Ext */ = {
			isa = PBXGroup;
			children = (
				049EABD22A91055D00FFFA66 /* CustomeError+Ext.swift */,
				049EABD92A911FEC00FFFA66 /* UITableView+Extension.swift */,
				04CABEB22A9387290033A80B /* UIImageView+Ext.swift */,
				042E96462A939A0400A6EFAC /* UIView+Ext.swift */,
				04EFA66D2A94FCC800A6EDE4 /* String+Ext.swift */,
			);
			path = Ext;
			sourceTree = "<group>";
		};
		049EABD62A911C5400FFFA66 /* ViewModel */ = {
			isa = PBXGroup;
			children = (
				049EABD72A911C6200FFFA66 /* ViewModelUtil.swift */,
			);
			path = ViewModel;
			sourceTree = "<group>";
		};
		049EABDB2A91240D00FFFA66 /* DI */ = {
			isa = PBXGroup;
			children = (
				049EABDC2A91241F00FFFA66 /* Injection.swift */,
			);
			path = DI;
			sourceTree = "<group>";
		};
		04CABEB42A93880C0033A80B /* ListGame */ = {
			isa = PBXGroup;
			children = (
				04CABEB52A9388210033A80B /* ListGameViewTableCell.swift */,
			);
			path = ListGame;
			sourceTree = "<group>";
		};
		6B33DE9E851C0A5B5AB09B61 /* Frameworks */ = {
			isa = PBXGroup;
			children = (
				72A62BE2B7E4DD70BF42951D /* Pods_Rawg_Io_API.framework */,
			);
			name = Frameworks;
			sourceTree = "<group>";
		};
		B0993D50D042A45EA17AE8C0 /* Pods */ = {
			isa = PBXGroup;
			children = (
				2C2697BD2E1F2299E2994009 /* Pods-Rawg Io API.debug.xcconfig */,
				74EA97485A53F6E71B52BE8F /* Pods-Rawg Io API.release.xcconfig */,
			);
			path = Pods;
			sourceTree = "<group>";
		};
/* End PBXGroup section */

/* Begin PBXNativeTarget section */
		0444942B2A90AC8400B46974 /* Rawg Io API */ = {
			isa = PBXNativeTarget;
			buildConfigurationList = 044494402A90AC8500B46974 /* Build configuration list for PBXNativeTarget "Rawg Io API" */;
			buildPhases = (
				BAD3E158AB486E2AB22BC014 /* [CP] Check Pods Manifest.lock */,
				044494282A90AC8400B46974 /* Sources */,
				044494292A90AC8400B46974 /* Frameworks */,
				0444942A2A90AC8400B46974 /* Resources */,
				19E279A91998EF9496C06DB4 /* [CP] Embed Pods Frameworks */,
			);
			buildRules = (
			);
			dependencies = (
			);
			name = "Rawg Io API";
			productName = "Rawg Io API";
			productReference = 0444942C2A90AC8400B46974 /* Rawg Io API.app */;
			productType = "com.apple.product-type.application";
		};
/* End PBXNativeTarget section */

/* Begin PBXProject section */
		044494242A90AC8400B46974 /* Project object */ = {
			isa = PBXProject;
			attributes = {
				BuildIndependentTargetsInParallel = 1;
				LastSwiftUpdateCheck = 1420;
				LastUpgradeCheck = 1420;
				TargetAttributes = {
					0444942B2A90AC8400B46974 = {
						CreatedOnToolsVersion = 14.2;
					};
				};
			};
			buildConfigurationList = 044494272A90AC8400B46974 /* Build configuration list for PBXProject "Rawg Io API" */;
			compatibilityVersion = "Xcode 14.0";
			developmentRegion = en;
			hasScannedForEncodings = 0;
			knownRegions = (
				en,
				Base,
			);
			mainGroup = 044494232A90AC8400B46974;
			productRefGroup = 0444942D2A90AC8400B46974 /* Products */;
			projectDirPath = "";
			projectRoot = "";
			targets = (
				0444942B2A90AC8400B46974 /* Rawg Io API */,
			);
		};
/* End PBXProject section */

/* Begin PBXResourcesBuildPhase section */
		0444942A2A90AC8400B46974 /* Resources */ = {
			isa = PBXResourcesBuildPhase;
			buildActionMask = 2147483647;
			files = (
				0444943C2A90AC8500B46974 /* LaunchScreen.storyboard in Resources */,
				042E964C2A939FD000A6EFAC /* DetailGameViewController.xib in Resources */,
				044494392A90AC8500B46974 /* Assets.xcassets in Resources */,
				044494372A90AC8400B46974 /* Main.storyboard in Resources */,
			);
			runOnlyForDeploymentPostprocessing = 0;
		};
/* End PBXResourcesBuildPhase section */

/* Begin PBXShellScriptBuildPhase section */
		19E279A91998EF9496C06DB4 /* [CP] Embed Pods Frameworks */ = {
			isa = PBXShellScriptBuildPhase;
			buildActionMask = 2147483647;
			files = (
			);
			inputFileListPaths = (
				"${PODS_ROOT}/Target Support Files/Pods-Rawg Io API/Pods-Rawg Io API-frameworks-${CONFIGURATION}-input-files.xcfilelist",
			);
			name = "[CP] Embed Pods Frameworks";
			outputFileListPaths = (
				"${PODS_ROOT}/Target Support Files/Pods-Rawg Io API/Pods-Rawg Io API-frameworks-${CONFIGURATION}-output-files.xcfilelist",
			);
			runOnlyForDeploymentPostprocessing = 0;
			shellPath = /bin/sh;
			shellScript = "\"${PODS_ROOT}/Target Support Files/Pods-Rawg Io API/Pods-Rawg Io API-frameworks.sh\"\n";
			showEnvVarsInLog = 0;
		};
		BAD3E158AB486E2AB22BC014 /* [CP] Check Pods Manifest.lock */ = {
			isa = PBXShellScriptBuildPhase;
			buildActionMask = 2147483647;
			files = (
			);
			inputFileListPaths = (
			);
			inputPaths = (
				"${PODS_PODFILE_DIR_PATH}/Podfile.lock",
				"${PODS_ROOT}/Manifest.lock",
			);
			name = "[CP] Check Pods Manifest.lock";
			outputFileListPaths = (
			);
			outputPaths = (
				"$(DERIVED_FILE_DIR)/Pods-Rawg Io API-checkManifestLockResult.txt",
			);
			runOnlyForDeploymentPostprocessing = 0;
			shellPath = /bin/sh;
			shellScript = "diff \"${PODS_PODFILE_DIR_PATH}/Podfile.lock\" \"${PODS_ROOT}/Manifest.lock\" > /dev/null\nif [ $? != 0 ] ; then\n    # print error to STDERR\n    echo \"error: The sandbox is not in sync with the Podfile.lock. Run 'pod install' or update your CocoaPods installation.\" >&2\n    exit 1\nfi\n# This output is used by Xcode 'outputs' to avoid re-running this script phase.\necho \"SUCCESS\" > \"${SCRIPT_OUTPUT_FILE_0}\"\n";
			showEnvVarsInLog = 0;
		};
/* End PBXShellScriptBuildPhase section */

/* Begin PBXSourcesBuildPhase section */
		044494282A90AC8400B46974 /* Sources */ = {
			isa = PBXSourcesBuildPhase;
			buildActionMask = 2147483647;
			files = (
				042E96472A939A0400A6EFAC /* UIView+Ext.swift in Sources */,
				042E96452A93990C00A6EFAC /* RoundedImageView.swift in Sources */,
				04CABEB62A9388210033A80B /* ListGameViewTableCell.swift in Sources */,
				049EABDD2A91241F00FFFA66 /* Injection.swift in Sources */,
				049EABD02A9102EE00FFFA66 /* NetworkUtil.swift in Sources */,
				049B39452A944879007ECD5C /* GameDetailModel.swift in Sources */,
				042E964E2A93A01400A6EFAC /* DetailGameViewModel.swift in Sources */,
				042E964B2A939FD000A6EFAC /* DetailGameViewController.swift in Sources */,
				049B39432A944477007ECD5C /* GameDetailResponse.swift in Sources */,
				049EABCA2A90FDA200FFFA66 /* RemoteDataSource.swift in Sources */,
				04EFA66E2A94FCC800A6EDE4 /* String+Ext.swift in Sources */,
				049EABD32A91055D00FFFA66 /* CustomeError+Ext.swift in Sources */,
				044494342A90AC8400B46974 /* ViewController.swift in Sources */,
				04CABEB32A9387290033A80B /* UIImageView+Ext.swift in Sources */,
				049EABC22A90FA9400FFFA66 /* GameModel.swift in Sources */,
				044494302A90AC8400B46974 /* AppDelegate.swift in Sources */,
				044494322A90AC8400B46974 /* SceneDelegate.swift in Sources */,
				049EABD52A911A3400FFFA66 /* HomeViewModel.swift in Sources */,
				049EABD82A911C6200FFFA66 /* ViewModelUtil.swift in Sources */,
				049EABDA2A911FEC00FFFA66 /* UITableView+Extension.swift in Sources */,
				049EABC82A90FD8E00FFFA66 /* GameRepository.swift in Sources */,
				049EABCC2A90FDB300FFFA66 /* GameResponse.swift in Sources */,
			);
			runOnlyForDeploymentPostprocessing = 0;
		};
/* End PBXSourcesBuildPhase section */

/* Begin PBXVariantGroup section */
		044494352A90AC8400B46974 /* Main.storyboard */ = {
			isa = PBXVariantGroup;
			children = (
				044494362A90AC8400B46974 /* Base */,
			);
			name = Main.storyboard;
			sourceTree = "<group>";
		};
		0444943A2A90AC8500B46974 /* LaunchScreen.storyboard */ = {
			isa = PBXVariantGroup;
			children = (
				0444943B2A90AC8500B46974 /* Base */,
			);
			name = LaunchScreen.storyboard;
			sourceTree = "<group>";
		};
/* End PBXVariantGroup section */

/* Begin XCBuildConfiguration section */
		0444943E2A90AC8500B46974 /* Debug */ = {
			isa = XCBuildConfiguration;
			buildSettings = {
				ALWAYS_SEARCH_USER_PATHS = NO;
				CLANG_ANALYZER_NONNULL = YES;
				CLANG_ANALYZER_NUMBER_OBJECT_CONVERSION = YES_AGGRESSIVE;
				CLANG_CXX_LANGUAGE_STANDARD = "gnu++20";
				CLANG_ENABLE_MODULES = YES;
				CLANG_ENABLE_OBJC_ARC = YES;
				CLANG_ENABLE_OBJC_WEAK = YES;
				CLANG_WARN_BLOCK_CAPTURE_AUTORELEASING = YES;
				CLANG_WARN_BOOL_CONVERSION = YES;
				CLANG_WARN_COMMA = YES;
				CLANG_WARN_CONSTANT_CONVERSION = YES;
				CLANG_WARN_DEPRECATED_OBJC_IMPLEMENTATIONS = YES;
				CLANG_WARN_DIRECT_OBJC_ISA_USAGE = YES_ERROR;
				CLANG_WARN_DOCUMENTATION_COMMENTS = YES;
				CLANG_WARN_EMPTY_BODY = YES;
				CLANG_WARN_ENUM_CONVERSION = YES;
				CLANG_WARN_INFINITE_RECURSION = YES;
				CLANG_WARN_INT_CONVERSION = YES;
				CLANG_WARN_NON_LITERAL_NULL_CONVERSION = YES;
				CLANG_WARN_OBJC_IMPLICIT_RETAIN_SELF = YES;
				CLANG_WARN_OBJC_LITERAL_CONVERSION = YES;
				CLANG_WARN_OBJC_ROOT_CLASS = YES_ERROR;
				CLANG_WARN_QUOTED_INCLUDE_IN_FRAMEWORK_HEADER = YES;
				CLANG_WARN_RANGE_LOOP_ANALYSIS = YES;
				CLANG_WARN_STRICT_PROTOTYPES = YES;
				CLANG_WARN_SUSPICIOUS_MOVE = YES;
				CLANG_WARN_UNGUARDED_AVAILABILITY = YES_AGGRESSIVE;
				CLANG_WARN_UNREACHABLE_CODE = YES;
				CLANG_WARN__DUPLICATE_METHOD_MATCH = YES;
				COPY_PHASE_STRIP = NO;
				DEBUG_INFORMATION_FORMAT = dwarf;
				ENABLE_STRICT_OBJC_MSGSEND = YES;
				ENABLE_TESTABILITY = YES;
				GCC_C_LANGUAGE_STANDARD = gnu11;
				GCC_DYNAMIC_NO_PIC = NO;
				GCC_NO_COMMON_BLOCKS = YES;
				GCC_OPTIMIZATION_LEVEL = 0;
				GCC_PREPROCESSOR_DEFINITIONS = (
					"DEBUG=1",
					"$(inherited)",
				);
				GCC_WARN_64_TO_32_BIT_CONVERSION = YES;
				GCC_WARN_ABOUT_RETURN_TYPE = YES_ERROR;
				GCC_WARN_UNDECLARED_SELECTOR = YES;
				GCC_WARN_UNINITIALIZED_AUTOS = YES_AGGRESSIVE;
				GCC_WARN_UNUSED_FUNCTION = YES;
				GCC_WARN_UNUSED_VARIABLE = YES;
				IPHONEOS_DEPLOYMENT_TARGET = 16.2;
				MTL_ENABLE_DEBUG_INFO = INCLUDE_SOURCE;
				MTL_FAST_MATH = YES;
				ONLY_ACTIVE_ARCH = YES;
				SDKROOT = iphoneos;
				SWIFT_ACTIVE_COMPILATION_CONDITIONS = DEBUG;
				SWIFT_OPTIMIZATION_LEVEL = "-Onone";
			};
			name = Debug;
		};
		0444943F2A90AC8500B46974 /* Release */ = {
			isa = XCBuildConfiguration;
			buildSettings = {
				ALWAYS_SEARCH_USER_PATHS = NO;
				CLANG_ANALYZER_NONNULL = YES;
				CLANG_ANALYZER_NUMBER_OBJECT_CONVERSION = YES_AGGRESSIVE;
				CLANG_CXX_LANGUAGE_STANDARD = "gnu++20";
				CLANG_ENABLE_MODULES = YES;
				CLANG_ENABLE_OBJC_ARC = YES;
				CLANG_ENABLE_OBJC_WEAK = YES;
				CLANG_WARN_BLOCK_CAPTURE_AUTORELEASING = YES;
				CLANG_WARN_BOOL_CONVERSION = YES;
				CLANG_WARN_COMMA = YES;
				CLANG_WARN_CONSTANT_CONVERSION = YES;
				CLANG_WARN_DEPRECATED_OBJC_IMPLEMENTATIONS = YES;
				CLANG_WARN_DIRECT_OBJC_ISA_USAGE = YES_ERROR;
				CLANG_WARN_DOCUMENTATION_COMMENTS = YES;
				CLANG_WARN_EMPTY_BODY = YES;
				CLANG_WARN_ENUM_CONVERSION = YES;
				CLANG_WARN_INFINITE_RECURSION = YES;
				CLANG_WARN_INT_CONVERSION = YES;
				CLANG_WARN_NON_LITERAL_NULL_CONVERSION = YES;
				CLANG_WARN_OBJC_IMPLICIT_RETAIN_SELF = YES;
				CLANG_WARN_OBJC_LITERAL_CONVERSION = YES;
				CLANG_WARN_OBJC_ROOT_CLASS = YES_ERROR;
				CLANG_WARN_QUOTED_INCLUDE_IN_FRAMEWORK_HEADER = YES;
				CLANG_WARN_RANGE_LOOP_ANALYSIS = YES;
				CLANG_WARN_STRICT_PROTOTYPES = YES;
				CLANG_WARN_SUSPICIOUS_MOVE = YES;
				CLANG_WARN_UNGUARDED_AVAILABILITY = YES_AGGRESSIVE;
				CLANG_WARN_UNREACHABLE_CODE = YES;
				CLANG_WARN__DUPLICATE_METHOD_MATCH = YES;
				COPY_PHASE_STRIP = NO;
				DEBUG_INFORMATION_FORMAT = "dwarf-with-dsym";
				ENABLE_NS_ASSERTIONS = NO;
				ENABLE_STRICT_OBJC_MSGSEND = YES;
				GCC_C_LANGUAGE_STANDARD = gnu11;
				GCC_NO_COMMON_BLOCKS = YES;
				GCC_WARN_64_TO_32_BIT_CONVERSION = YES;
				GCC_WARN_ABOUT_RETURN_TYPE = YES_ERROR;
				GCC_WARN_UNDECLARED_SELECTOR = YES;
				GCC_WARN_UNINITIALIZED_AUTOS = YES_AGGRESSIVE;
				GCC_WARN_UNUSED_FUNCTION = YES;
				GCC_WARN_UNUSED_VARIABLE = YES;
				IPHONEOS_DEPLOYMENT_TARGET = 16.2;
				MTL_ENABLE_DEBUG_INFO = NO;
				MTL_FAST_MATH = YES;
				SDKROOT = iphoneos;
				SWIFT_COMPILATION_MODE = wholemodule;
				SWIFT_OPTIMIZATION_LEVEL = "-O";
				VALIDATE_PRODUCT = YES;
			};
			name = Release;
		};
		044494412A90AC8500B46974 /* Debug */ = {
			isa = XCBuildConfiguration;
			baseConfigurationReference = 2C2697BD2E1F2299E2994009 /* Pods-Rawg Io API.debug.xcconfig */;
			buildSettings = {
				ASSETCATALOG_COMPILER_APPICON_NAME = AppIcon;
				ASSETCATALOG_COMPILER_GLOBAL_ACCENT_COLOR_NAME = AccentColor;
				CODE_SIGN_STYLE = Automatic;
				CURRENT_PROJECT_VERSION = 1;
				GENERATE_INFOPLIST_FILE = YES;
				INFOPLIST_FILE = "Rawg Io API/Info.plist";
				INFOPLIST_KEY_UIApplicationSupportsIndirectInputEvents = YES;
				INFOPLIST_KEY_UILaunchStoryboardName = Main.storyboard;
				INFOPLIST_KEY_UIMainStoryboardFile = Main;
				INFOPLIST_KEY_UISupportedInterfaceOrientations_iPad = "UIInterfaceOrientationPortrait UIInterfaceOrientationPortraitUpsideDown UIInterfaceOrientationLandscapeLeft UIInterfaceOrientationLandscapeRight";
				INFOPLIST_KEY_UISupportedInterfaceOrientations_iPhone = "UIInterfaceOrientationPortrait UIInterfaceOrientationLandscapeLeft UIInterfaceOrientationLandscapeRight";
				LD_RUNPATH_SEARCH_PATHS = (
					"$(inherited)",
					"@executable_path/Frameworks",
				);
				MARKETING_VERSION = 1.0;
				PRODUCT_BUNDLE_IDENTIFIER = "com.programmergabut.Rawg-Io-API";
				PRODUCT_NAME = "$(TARGET_NAME)";
				SWIFT_EMIT_LOC_STRINGS = YES;
				SWIFT_VERSION = 5.0;
				TARGETED_DEVICE_FAMILY = "1,2";
			};
			name = Debug;
		};
		044494422A90AC8500B46974 /* Release */ = {
			isa = XCBuildConfiguration;
			baseConfigurationReference = 74EA97485A53F6E71B52BE8F /* Pods-Rawg Io API.release.xcconfig */;
			buildSettings = {
				ASSETCATALOG_COMPILER_APPICON_NAME = AppIcon;
				ASSETCATALOG_COMPILER_GLOBAL_ACCENT_COLOR_NAME = AccentColor;
				CODE_SIGN_STYLE = Automatic;
				CURRENT_PROJECT_VERSION = 1;
				GENERATE_INFOPLIST_FILE = YES;
				INFOPLIST_FILE = "Rawg Io API/Info.plist";
				INFOPLIST_KEY_UIApplicationSupportsIndirectInputEvents = YES;
				INFOPLIST_KEY_UILaunchStoryboardName = Main.storyboard;
				INFOPLIST_KEY_UIMainStoryboardFile = Main;
				INFOPLIST_KEY_UISupportedInterfaceOrientations_iPad = "UIInterfaceOrientationPortrait UIInterfaceOrientationPortraitUpsideDown UIInterfaceOrientationLandscapeLeft UIInterfaceOrientationLandscapeRight";
				INFOPLIST_KEY_UISupportedInterfaceOrientations_iPhone = "UIInterfaceOrientationPortrait UIInterfaceOrientationLandscapeLeft UIInterfaceOrientationLandscapeRight";
				LD_RUNPATH_SEARCH_PATHS = (
					"$(inherited)",
					"@executable_path/Frameworks",
				);
				MARKETING_VERSION = 1.0;
				PRODUCT_BUNDLE_IDENTIFIER = "com.programmergabut.Rawg-Io-API";
				PRODUCT_NAME = "$(TARGET_NAME)";
				SWIFT_EMIT_LOC_STRINGS = YES;
				SWIFT_VERSION = 5.0;
				TARGETED_DEVICE_FAMILY = "1,2";
			};
			name = Release;
		};
/* End XCBuildConfiguration section */

/* Begin XCConfigurationList section */
		044494272A90AC8400B46974 /* Build configuration list for PBXProject "Rawg Io API" */ = {
			isa = XCConfigurationList;
			buildConfigurations = (
				0444943E2A90AC8500B46974 /* Debug */,
				0444943F2A90AC8500B46974 /* Release */,
			);
			defaultConfigurationIsVisible = 0;
			defaultConfigurationName = Release;
		};
		044494402A90AC8500B46974 /* Build configuration list for PBXNativeTarget "Rawg Io API" */ = {
			isa = XCConfigurationList;
			buildConfigurations = (
				044494412A90AC8500B46974 /* Debug */,
				044494422A90AC8500B46974 /* Release */,
			);
			defaultConfigurationIsVisible = 0;
			defaultConfigurationName = Release;
		};
/* End XCConfigurationList section */
	};
	rootObject = 044494242A90AC8400B46974 /* Project object */;
}
