// !$*UTF8*$!
{
	archiveVersion = 1;
	classes = {
	};
	objectVersion = 56;
	objects = {

/* Begin PBXBuildFile section */
		042E96452A93990C00A6EFAC /* RoundedImageView.swift in Sources */ = {isa = PBXBuildFile; fileRef = 042E96442A93990C00A6EFAC /* RoundedImageView.swift */; };
		042E96472A939A0400A6EFAC /* UIView+Ext.swift in Sources */ = {isa = PBXBuildFile; fileRef = 042E96462A939A0400A6EFAC /* UIView+Ext.swift */; };
		044494302A90AC8400B46974 /* AppDelegate.swift in Sources */ = {isa = PBXBuildFile; fileRef = 0444942F2A90AC8400B46974 /* AppDelegate.swift */; };
		044494322A90AC8400B46974 /* SceneDelegate.swift in Sources */ = {isa = PBXBuildFile; fileRef = 044494312A90AC8400B46974 /* SceneDelegate.swift */; };
		044494342A90AC8400B46974 /* HomeViewController.swift in Sources */ = {isa = PBXBuildFile; fileRef = 044494332A90AC8400B46974 /* HomeViewController.swift */; };
		044494372A90AC8400B46974 /* Main.storyboard in Resources */ = {isa = PBXBuildFile; fileRef = 044494352A90AC8400B46974 /* Main.storyboard */; };
		044494392A90AC8500B46974 /* Assets.xcassets in Resources */ = {isa = PBXBuildFile; fileRef = 044494382A90AC8500B46974 /* Assets.xcassets */; };
		0444943C2A90AC8500B46974 /* LaunchScreen.storyboard in Resources */ = {isa = PBXBuildFile; fileRef = 0444943A2A90AC8500B46974 /* LaunchScreen.storyboard */; };
		04940EB32AA5A7920056219B /* FavoriteViewController.swift in Sources */ = {isa = PBXBuildFile; fileRef = 04940EB12AA5A7920056219B /* FavoriteViewController.swift */; };
		04940EB42AA5A7920056219B /* FavoriteViewController.xib in Resources */ = {isa = PBXBuildFile; fileRef = 04940EB22AA5A7920056219B /* FavoriteViewController.xib */; };
		049EABD02A9102EE00FFFA66 /* NetworkUtil.swift in Sources */ = {isa = PBXBuildFile; fileRef = 049EABCF2A9102EE00FFFA66 /* NetworkUtil.swift */; };
		049EABD32A91055D00FFFA66 /* CustomeError+Ext.swift in Sources */ = {isa = PBXBuildFile; fileRef = 049EABD22A91055D00FFFA66 /* CustomeError+Ext.swift */; };
		049EABD52A911A3400FFFA66 /* HomeViewModel.swift in Sources */ = {isa = PBXBuildFile; fileRef = 049EABD42A911A3400FFFA66 /* HomeViewModel.swift */; };
		049EABD82A911C6200FFFA66 /* ViewModelUtil.swift in Sources */ = {isa = PBXBuildFile; fileRef = 049EABD72A911C6200FFFA66 /* ViewModelUtil.swift */; };
		049EABDA2A911FEC00FFFA66 /* UITableView+Extension.swift in Sources */ = {isa = PBXBuildFile; fileRef = 049EABD92A911FEC00FFFA66 /* UITableView+Extension.swift */; };
		04CABEB32A9387290033A80B /* UIImageView+Ext.swift in Sources */ = {isa = PBXBuildFile; fileRef = 04CABEB22A9387290033A80B /* UIImageView+Ext.swift */; };
		04CABEB62A9388210033A80B /* ListGameViewTableCell.swift in Sources */ = {isa = PBXBuildFile; fileRef = 04CABEB52A9388210033A80B /* ListGameViewTableCell.swift */; };
		04E9B0202AA6079100296DD9 /* FavoriteTableViewCell.swift in Sources */ = {isa = PBXBuildFile; fileRef = 04E9B01E2AA6079100296DD9 /* FavoriteTableViewCell.swift */; };
		04E9B0212AA6079100296DD9 /* FavoriteTableViewCell.xib in Resources */ = {isa = PBXBuildFile; fileRef = 04E9B01F2AA6079100296DD9 /* FavoriteTableViewCell.xib */; };
		04EFA66E2A94FCC800A6EDE4 /* String+Ext.swift in Sources */ = {isa = PBXBuildFile; fileRef = 04EFA66D2A94FCC800A6EDE4 /* String+Ext.swift */; };
		1620889A2AFB53A300226D80 /* DetailGameViewsController.xib in Resources */ = {isa = PBXBuildFile; fileRef = 162088992AFB53A300226D80 /* DetailGameViewsController.xib */; };
		1620889C2AFB53AC00226D80 /* DetailGameViewsController.swift in Sources */ = {isa = PBXBuildFile; fileRef = 1620889B2AFB53AC00226D80 /* DetailGameViewsController.swift */; };
		1620889F2AFB541800226D80 /* PlatformCollectionViewCell.xib in Resources */ = {isa = PBXBuildFile; fileRef = 1620889E2AFB541800226D80 /* PlatformCollectionViewCell.xib */; };
		162088A12AFB541E00226D80 /* PlatformCollectionViewCell.swift in Sources */ = {isa = PBXBuildFile; fileRef = 162088A02AFB541E00226D80 /* PlatformCollectionViewCell.swift */; };
		162088A32AFB543100226D80 /* DetailGameViewModel.swift in Sources */ = {isa = PBXBuildFile; fileRef = 162088A22AFB543100226D80 /* DetailGameViewModel.swift */; };
		162088A52AFB550F00226D80 /* UIViewController+Ext.swift in Sources */ = {isa = PBXBuildFile; fileRef = 162088A42AFB550F00226D80 /* UIViewController+Ext.swift */; };
		1624ACDA2AAB622600FF7FD2 /* FavoriteViewModel.swift in Sources */ = {isa = PBXBuildFile; fileRef = 1624ACD92AAB622600FF7FD2 /* FavoriteViewModel.swift */; };
		16261D1A2AF48D180057357E /* Injection.swift in Sources */ = {isa = PBXBuildFile; fileRef = 16261D192AF48D180057357E /* Injection.swift */; };
		16BA0E222AFB9112001955D1 /* iOS-Game-App-About in Frameworks */ = {isa = PBXBuildFile; productRef = 16BA0E212AFB9112001955D1 /* iOS-Game-App-About */; };
		16BA0E242AFB9115001955D1 /* Core in Frameworks */ = {isa = PBXBuildFile; productRef = 16BA0E232AFB9115001955D1 /* Core */; };
		16D4C5B32AFC0A4D002C76E8 /* SDWebImage in Frameworks */ = {isa = PBXBuildFile; productRef = 16D4C5B22AFC0A4D002C76E8 /* SDWebImage */; };
/* End PBXBuildFile section */

/* Begin PBXFileReference section */
		042E96442A93990C00A6EFAC /* RoundedImageView.swift */ = {isa = PBXFileReference; lastKnownFileType = sourcecode.swift; path = RoundedImageView.swift; sourceTree = "<group>"; };
		042E96462A939A0400A6EFAC /* UIView+Ext.swift */ = {isa = PBXFileReference; lastKnownFileType = sourcecode.swift; path = "UIView+Ext.swift"; sourceTree = "<group>"; };
		0444942C2A90AC8400B46974 /* Rawg Io API.app */ = {isa = PBXFileReference; explicitFileType = wrapper.application; includeInIndex = 0; path = "Rawg Io API.app"; sourceTree = BUILT_PRODUCTS_DIR; };
		0444942F2A90AC8400B46974 /* AppDelegate.swift */ = {isa = PBXFileReference; lastKnownFileType = sourcecode.swift; path = AppDelegate.swift; sourceTree = "<group>"; };
		044494312A90AC8400B46974 /* SceneDelegate.swift */ = {isa = PBXFileReference; lastKnownFileType = sourcecode.swift; path = SceneDelegate.swift; sourceTree = "<group>"; };
		044494332A90AC8400B46974 /* HomeViewController.swift */ = {isa = PBXFileReference; lastKnownFileType = sourcecode.swift; path = HomeViewController.swift; sourceTree = "<group>"; };
		044494362A90AC8400B46974 /* Base */ = {isa = PBXFileReference; lastKnownFileType = file.storyboard; name = Base; path = Base.lproj/Main.storyboard; sourceTree = "<group>"; };
		044494382A90AC8500B46974 /* Assets.xcassets */ = {isa = PBXFileReference; lastKnownFileType = folder.assetcatalog; path = Assets.xcassets; sourceTree = "<group>"; };
		0444943B2A90AC8500B46974 /* Base */ = {isa = PBXFileReference; lastKnownFileType = file.storyboard; name = Base; path = Base.lproj/LaunchScreen.storyboard; sourceTree = "<group>"; };
		0444943D2A90AC8500B46974 /* Info.plist */ = {isa = PBXFileReference; lastKnownFileType = text.plist.xml; path = Info.plist; sourceTree = "<group>"; };
		04940EB12AA5A7920056219B /* FavoriteViewController.swift */ = {isa = PBXFileReference; lastKnownFileType = sourcecode.swift; path = FavoriteViewController.swift; sourceTree = "<group>"; };
		04940EB22AA5A7920056219B /* FavoriteViewController.xib */ = {isa = PBXFileReference; lastKnownFileType = file.xib; path = FavoriteViewController.xib; sourceTree = "<group>"; };
		049EABCF2A9102EE00FFFA66 /* NetworkUtil.swift */ = {isa = PBXFileReference; lastKnownFileType = sourcecode.swift; path = NetworkUtil.swift; sourceTree = "<group>"; };
		049EABD22A91055D00FFFA66 /* CustomeError+Ext.swift */ = {isa = PBXFileReference; lastKnownFileType = sourcecode.swift; path = "CustomeError+Ext.swift"; sourceTree = "<group>"; };
		049EABD42A911A3400FFFA66 /* HomeViewModel.swift */ = {isa = PBXFileReference; lastKnownFileType = sourcecode.swift; path = HomeViewModel.swift; sourceTree = "<group>"; };
		049EABD72A911C6200FFFA66 /* ViewModelUtil.swift */ = {isa = PBXFileReference; lastKnownFileType = sourcecode.swift; path = ViewModelUtil.swift; sourceTree = "<group>"; };
		049EABD92A911FEC00FFFA66 /* UITableView+Extension.swift */ = {isa = PBXFileReference; lastKnownFileType = sourcecode.swift; path = "UITableView+Extension.swift"; sourceTree = "<group>"; };
		04CABEB22A9387290033A80B /* UIImageView+Ext.swift */ = {isa = PBXFileReference; lastKnownFileType = sourcecode.swift; path = "UIImageView+Ext.swift"; sourceTree = "<group>"; };
		04CABEB52A9388210033A80B /* ListGameViewTableCell.swift */ = {isa = PBXFileReference; lastKnownFileType = sourcecode.swift; path = ListGameViewTableCell.swift; sourceTree = "<group>"; };
		04E9B01E2AA6079100296DD9 /* FavoriteTableViewCell.swift */ = {isa = PBXFileReference; lastKnownFileType = sourcecode.swift; path = FavoriteTableViewCell.swift; sourceTree = "<group>"; };
		04E9B01F2AA6079100296DD9 /* FavoriteTableViewCell.xib */ = {isa = PBXFileReference; lastKnownFileType = file.xib; path = FavoriteTableViewCell.xib; sourceTree = "<group>"; };
		04EFA66D2A94FCC800A6EDE4 /* String+Ext.swift */ = {isa = PBXFileReference; lastKnownFileType = sourcecode.swift; path = "String+Ext.swift"; sourceTree = "<group>"; };
		162088992AFB53A300226D80 /* DetailGameViewsController.xib */ = {isa = PBXFileReference; fileEncoding = 4; lastKnownFileType = file.xib; path = DetailGameViewsController.xib; sourceTree = "<group>"; };
		1620889B2AFB53AC00226D80 /* DetailGameViewsController.swift */ = {isa = PBXFileReference; fileEncoding = 4; lastKnownFileType = sourcecode.swift; path = DetailGameViewsController.swift; sourceTree = "<group>"; };
		1620889E2AFB541800226D80 /* PlatformCollectionViewCell.xib */ = {isa = PBXFileReference; fileEncoding = 4; lastKnownFileType = file.xib; path = PlatformCollectionViewCell.xib; sourceTree = "<group>"; };
		162088A02AFB541E00226D80 /* PlatformCollectionViewCell.swift */ = {isa = PBXFileReference; fileEncoding = 4; lastKnownFileType = sourcecode.swift; path = PlatformCollectionViewCell.swift; sourceTree = "<group>"; };
		162088A22AFB543100226D80 /* DetailGameViewModel.swift */ = {isa = PBXFileReference; fileEncoding = 4; lastKnownFileType = sourcecode.swift; path = DetailGameViewModel.swift; sourceTree = "<group>"; };
		162088A42AFB550F00226D80 /* UIViewController+Ext.swift */ = {isa = PBXFileReference; lastKnownFileType = sourcecode.swift; path = "UIViewController+Ext.swift"; sourceTree = "<group>"; };
		1624ACD92AAB622600FF7FD2 /* FavoriteViewModel.swift */ = {isa = PBXFileReference; lastKnownFileType = sourcecode.swift; path = FavoriteViewModel.swift; sourceTree = "<group>"; };
		16261D192AF48D180057357E /* Injection.swift */ = {isa = PBXFileReference; lastKnownFileType = sourcecode.swift; path = Injection.swift; sourceTree = "<group>"; };
/* End PBXFileReference section */

/* Begin PBXFrameworksBuildPhase section */
		044494292A90AC8400B46974 /* Frameworks */ = {
			isa = PBXFrameworksBuildPhase;
			buildActionMask = 2147483647;
			files = (
				16BA0E222AFB9112001955D1 /* iOS-Game-App-About in Frameworks */,
				16BA0E242AFB9115001955D1 /* Core in Frameworks */,
				16D4C5B32AFC0A4D002C76E8 /* SDWebImage in Frameworks */,
			);
			runOnlyForDeploymentPostprocessing = 0;
		};
/* End PBXFrameworksBuildPhase section */

/* Begin PBXGroup section */
		042E96432A9398FF00A6EFAC /* CustomView */ = {
			isa = PBXGroup;
			children = (
				042E96442A93990C00A6EFAC /* RoundedImageView.swift */,
			);
			path = CustomView;
			sourceTree = "<group>";
		};
		044494232A90AC8400B46974 = {
			isa = PBXGroup;
			children = (
				16F819832AF2A57E004F7E72 /* Packages */,
				0444942E2A90AC8400B46974 /* Rawg Io API */,
				0444942D2A90AC8400B46974 /* Products */,
			);
			sourceTree = "<group>";
		};
		0444942D2A90AC8400B46974 /* Products */ = {
			isa = PBXGroup;
			children = (
				0444942C2A90AC8400B46974 /* Rawg Io API.app */,
			);
			name = Products;
			sourceTree = "<group>";
		};
		0444942E2A90AC8400B46974 /* Rawg Io API */ = {
			isa = PBXGroup;
			children = (
				16261D142AF48CEC0057357E /* DI */,
				042E96432A9398FF00A6EFAC /* CustomView */,
				049EABCD2A9102D300FFFA66 /* Utils */,
				044494442A90ECB000B46974 /* Module */,
				044494432A90EA1300B46974 /* App */,
				044494382A90AC8500B46974 /* Assets.xcassets */,
				0444943A2A90AC8500B46974 /* LaunchScreen.storyboard */,
				0444943D2A90AC8500B46974 /* Info.plist */,
			);
			path = "Rawg Io API";
			sourceTree = "<group>";
		};
		044494432A90EA1300B46974 /* App */ = {
			isa = PBXGroup;
			children = (
				0444942F2A90AC8400B46974 /* AppDelegate.swift */,
				044494312A90AC8400B46974 /* SceneDelegate.swift */,
			);
			path = App;
			sourceTree = "<group>";
		};
		044494442A90ECB000B46974 /* Module */ = {
			isa = PBXGroup;
			children = (
				162088982AFB539300226D80 /* Detail */,
				04940EB02AA5A77E0056219B /* Favorite */,
				044494502A90EFB900B46974 /* Home */,
			);
			path = Module;
			sourceTree = "<group>";
		};
		044494502A90EFB900B46974 /* Home */ = {
			isa = PBXGroup;
			children = (
				04CABEB42A93880C0033A80B /* ListGame */,
				044494352A90AC8400B46974 /* Main.storyboard */,
				044494332A90AC8400B46974 /* HomeViewController.swift */,
				049EABD42A911A3400FFFA66 /* HomeViewModel.swift */,
			);
			name = Home;
			path = Home/View/Home;
			sourceTree = "<group>";
		};
		04940EB02AA5A77E0056219B /* Favorite */ = {
			isa = PBXGroup;
			children = (
				04E9B0192AA6071100296DD9 /* ListFavorite */,
				04940EB12AA5A7920056219B /* FavoriteViewController.swift */,
				04940EB22AA5A7920056219B /* FavoriteViewController.xib */,
				1624ACD92AAB622600FF7FD2 /* FavoriteViewModel.swift */,
			);
			path = Favorite;
			sourceTree = "<group>";
		};
		049EABCD2A9102D300FFFA66 /* Utils */ = {
			isa = PBXGroup;
			children = (
				049EABD62A911C5400FFFA66 /* ViewModel */,
				049EABD12A91054D00FFFA66 /* Ext */,
				049EABCE2A9102DF00FFFA66 /* Network */,
			);
			path = Utils;
			sourceTree = "<group>";
		};
		049EABCE2A9102DF00FFFA66 /* Network */ = {
			isa = PBXGroup;
			children = (
				049EABCF2A9102EE00FFFA66 /* NetworkUtil.swift */,
			);
			path = Network;
			sourceTree = "<group>";
		};
		049EABD12A91054D00FFFA66 /* Ext */ = {
			isa = PBXGroup;
			children = (
				049EABD22A91055D00FFFA66 /* CustomeError+Ext.swift */,
				049EABD92A911FEC00FFFA66 /* UITableView+Extension.swift */,
				04CABEB22A9387290033A80B /* UIImageView+Ext.swift */,
				042E96462A939A0400A6EFAC /* UIView+Ext.swift */,
				04EFA66D2A94FCC800A6EDE4 /* String+Ext.swift */,
				162088A42AFB550F00226D80 /* UIViewController+Ext.swift */,
			);
			path = Ext;
			sourceTree = "<group>";
		};
		049EABD62A911C5400FFFA66 /* ViewModel */ = {
			isa = PBXGroup;
			children = (
				049EABD72A911C6200FFFA66 /* ViewModelUtil.swift */,
			);
			path = ViewModel;
			sourceTree = "<group>";
		};
		04CABEB42A93880C0033A80B /* ListGame */ = {
			isa = PBXGroup;
			children = (
				04CABEB52A9388210033A80B /* ListGameViewTableCell.swift */,
			);
			path = ListGame;
			sourceTree = "<group>";
		};
		04E9B0192AA6071100296DD9 /* ListFavorite */ = {
			isa = PBXGroup;
			children = (
				04E9B01E2AA6079100296DD9 /* FavoriteTableViewCell.swift */,
				04E9B01F2AA6079100296DD9 /* FavoriteTableViewCell.xib */,
			);
			path = ListFavorite;
			sourceTree = "<group>";
		};
		162088982AFB539300226D80 /* Detail */ = {
			isa = PBXGroup;
			children = (
				1620889D2AFB540600226D80 /* PlatformCollection */,
				162088A22AFB543100226D80 /* DetailGameViewModel.swift */,
				1620889B2AFB53AC00226D80 /* DetailGameViewsController.swift */,
				162088992AFB53A300226D80 /* DetailGameViewsController.xib */,
			);
			path = Detail;
			sourceTree = "<group>";
		};
		1620889D2AFB540600226D80 /* PlatformCollection */ = {
			isa = PBXGroup;
			children = (
				162088A02AFB541E00226D80 /* PlatformCollectionViewCell.swift */,
				1620889E2AFB541800226D80 /* PlatformCollectionViewCell.xib */,
			);
			path = PlatformCollection;
			sourceTree = "<group>";
		};
		16261D142AF48CEC0057357E /* DI */ = {
			isa = PBXGroup;
			children = (
				16261D192AF48D180057357E /* Injection.swift */,
			);
			path = DI;
			sourceTree = "<group>";
		};
		16F819832AF2A57E004F7E72 /* Packages */ = {
			isa = PBXGroup;
			children = (
			);
			name = Packages;
			sourceTree = "<group>";
		};
/* End PBXGroup section */

/* Begin PBXNativeTarget section */
		0444942B2A90AC8400B46974 /* Rawg Io API */ = {
			isa = PBXNativeTarget;
			buildConfigurationList = 044494402A90AC8500B46974 /* Build configuration list for PBXNativeTarget "Rawg Io API" */;
			buildPhases = (
				044494282A90AC8400B46974 /* Sources */,
				044494292A90AC8400B46974 /* Frameworks */,
				0444942A2A90AC8400B46974 /* Resources */,
			);
			buildRules = (
			);
			dependencies = (
			);
			name = "Rawg Io API";
			packageProductDependencies = (
				16BA0E212AFB9112001955D1 /* iOS-Game-App-About */,
				16BA0E232AFB9115001955D1 /* Core */,
				16D4C5B22AFC0A4D002C76E8 /* SDWebImage */,
			);
			productName = "Rawg Io API";
			productReference = 0444942C2A90AC8400B46974 /* Rawg Io API.app */;
			productType = "com.apple.product-type.application";
		};
/* End PBXNativeTarget section */

/* Begin PBXProject section */
		044494242A90AC8400B46974 /* Project object */ = {
			isa = PBXProject;
			attributes = {
				BuildIndependentTargetsInParallel = 1;
				LastSwiftUpdateCheck = 1420;
				LastUpgradeCheck = 1420;
				TargetAttributes = {
					0444942B2A90AC8400B46974 = {
						CreatedOnToolsVersion = 14.2;
					};
				};
			};
			buildConfigurationList = 044494272A90AC8400B46974 /* Build configuration list for PBXProject "Rawg Io API" */;
			compatibilityVersion = "Xcode 14.0";
			developmentRegion = en;
			hasScannedForEncodings = 0;
			knownRegions = (
				en,
				Base,
			);
			mainGroup = 044494232A90AC8400B46974;
			packageReferences = (
				16BA0E1B2AFB90EF001955D1 /* XCRemoteSwiftPackageReference "iOS-Game-App-About" */,
				16BA0E1E2AFB90FC001955D1 /* XCRemoteSwiftPackageReference "iOS-Game-App-Core" */,
				16D4C5B12AFC0A4D002C76E8 /* XCRemoteSwiftPackageReference "SDWebImage" */,
			);
			productRefGroup = 0444942D2A90AC8400B46974 /* Products */;
			projectDirPath = "";
			projectRoot = "";
			targets = (
				0444942B2A90AC8400B46974 /* Rawg Io API */,
			);
		};
/* End PBXProject section */

/* Begin PBXResourcesBuildPhase section */
		0444942A2A90AC8400B46974 /* Resources */ = {
			isa = PBXResourcesBuildPhase;
			buildActionMask = 2147483647;
			files = (
				0444943C2A90AC8500B46974 /* LaunchScreen.storyboard in Resources */,
				1620889A2AFB53A300226D80 /* DetailGameViewsController.xib in Resources */,
				04940EB42AA5A7920056219B /* FavoriteViewController.xib in Resources */,
				1620889F2AFB541800226D80 /* PlatformCollectionViewCell.xib in Resources */,
				044494392A90AC8500B46974 /* Assets.xcassets in Resources */,
				04E9B0212AA6079100296DD9 /* FavoriteTableViewCell.xib in Resources */,
				044494372A90AC8400B46974 /* Main.storyboard in Resources */,
			);
			runOnlyForDeploymentPostprocessing = 0;
		};
/* End PBXResourcesBuildPhase section */

/* Begin PBXSourcesBuildPhase section */
		044494282A90AC8400B46974 /* Sources */ = {
			isa = PBXSourcesBuildPhase;
			buildActionMask = 2147483647;
			files = (
				042E96472A939A0400A6EFAC /* UIView+Ext.swift in Sources */,
				042E96452A93990C00A6EFAC /* RoundedImageView.swift in Sources */,
				04CABEB62A9388210033A80B /* ListGameViewTableCell.swift in Sources */,
				049EABD02A9102EE00FFFA66 /* NetworkUtil.swift in Sources */,
				162088A32AFB543100226D80 /* DetailGameViewModel.swift in Sources */,
				04E9B0202AA6079100296DD9 /* FavoriteTableViewCell.swift in Sources */,
				1620889C2AFB53AC00226D80 /* DetailGameViewsController.swift in Sources */,
				04EFA66E2A94FCC800A6EDE4 /* String+Ext.swift in Sources */,
				049EABD32A91055D00FFFA66 /* CustomeError+Ext.swift in Sources */,
				044494342A90AC8400B46974 /* HomeViewController.swift in Sources */,
				04940EB32AA5A7920056219B /* FavoriteViewController.swift in Sources */,
				16261D1A2AF48D180057357E /* Injection.swift in Sources */,
				04CABEB32A9387290033A80B /* UIImageView+Ext.swift in Sources */,
				162088A52AFB550F00226D80 /* UIViewController+Ext.swift in Sources */,
				044494302A90AC8400B46974 /* AppDelegate.swift in Sources */,
				162088A12AFB541E00226D80 /* PlatformCollectionViewCell.swift in Sources */,
				044494322A90AC8400B46974 /* SceneDelegate.swift in Sources */,
				049EABD52A911A3400FFFA66 /* HomeViewModel.swift in Sources */,
				049EABD82A911C6200FFFA66 /* ViewModelUtil.swift in Sources */,
				049EABDA2A911FEC00FFFA66 /* UITableView+Extension.swift in Sources */,
				1624ACDA2AAB622600FF7FD2 /* FavoriteViewModel.swift in Sources */,
			);
			runOnlyForDeploymentPostprocessing = 0;
		};
/* End PBXSourcesBuildPhase section */

/* Begin PBXVariantGroup section */
		044494352A90AC8400B46974 /* Main.storyboard */ = {
			isa = PBXVariantGroup;
			children = (
				044494362A90AC8400B46974 /* Base */,
			);
			name = Main.storyboard;
			sourceTree = "<group>";
		};
		0444943A2A90AC8500B46974 /* LaunchScreen.storyboard */ = {
			isa = PBXVariantGroup;
			children = (
				0444943B2A90AC8500B46974 /* Base */,
			);
			name = LaunchScreen.storyboard;
			sourceTree = "<group>";
		};
/* End PBXVariantGroup section */

/* Begin XCBuildConfiguration section */
		0444943E2A90AC8500B46974 /* Debug */ = {
			isa = XCBuildConfiguration;
			buildSettings = {
				ALWAYS_SEARCH_USER_PATHS = NO;
				CLANG_ANALYZER_NONNULL = YES;
				CLANG_ANALYZER_NUMBER_OBJECT_CONVERSION = YES_AGGRESSIVE;
				CLANG_CXX_LANGUAGE_STANDARD = "gnu++20";
				CLANG_ENABLE_MODULES = YES;
				CLANG_ENABLE_OBJC_ARC = YES;
				CLANG_ENABLE_OBJC_WEAK = YES;
				CLANG_WARN_BLOCK_CAPTURE_AUTORELEASING = YES;
				CLANG_WARN_BOOL_CONVERSION = YES;
				CLANG_WARN_COMMA = YES;
				CLANG_WARN_CONSTANT_CONVERSION = YES;
				CLANG_WARN_DEPRECATED_OBJC_IMPLEMENTATIONS = YES;
				CLANG_WARN_DIRECT_OBJC_ISA_USAGE = YES_ERROR;
				CLANG_WARN_DOCUMENTATION_COMMENTS = YES;
				CLANG_WARN_EMPTY_BODY = YES;
				CLANG_WARN_ENUM_CONVERSION = YES;
				CLANG_WARN_INFINITE_RECURSION = YES;
				CLANG_WARN_INT_CONVERSION = YES;
				CLANG_WARN_NON_LITERAL_NULL_CONVERSION = YES;
				CLANG_WARN_OBJC_IMPLICIT_RETAIN_SELF = YES;
				CLANG_WARN_OBJC_LITERAL_CONVERSION = YES;
				CLANG_WARN_OBJC_ROOT_CLASS = YES_ERROR;
				CLANG_WARN_QUOTED_INCLUDE_IN_FRAMEWORK_HEADER = YES;
				CLANG_WARN_RANGE_LOOP_ANALYSIS = YES;
				CLANG_WARN_STRICT_PROTOTYPES = YES;
				CLANG_WARN_SUSPICIOUS_MOVE = YES;
				CLANG_WARN_UNGUARDED_AVAILABILITY = YES_AGGRESSIVE;
				CLANG_WARN_UNREACHABLE_CODE = YES;
				CLANG_WARN__DUPLICATE_METHOD_MATCH = YES;
				COPY_PHASE_STRIP = NO;
				DEBUG_INFORMATION_FORMAT = dwarf;
				ENABLE_STRICT_OBJC_MSGSEND = YES;
				ENABLE_TESTABILITY = YES;
				GCC_C_LANGUAGE_STANDARD = gnu11;
				GCC_DYNAMIC_NO_PIC = NO;
				GCC_NO_COMMON_BLOCKS = YES;
				GCC_OPTIMIZATION_LEVEL = 0;
				GCC_PREPROCESSOR_DEFINITIONS = (
					"DEBUG=1",
					"$(inherited)",
				);
				GCC_WARN_64_TO_32_BIT_CONVERSION = YES;
				GCC_WARN_ABOUT_RETURN_TYPE = YES_ERROR;
				GCC_WARN_UNDECLARED_SELECTOR = YES;
				GCC_WARN_UNINITIALIZED_AUTOS = YES_AGGRESSIVE;
				GCC_WARN_UNUSED_FUNCTION = YES;
				GCC_WARN_UNUSED_VARIABLE = YES;
				IPHONEOS_DEPLOYMENT_TARGET = 16.2;
				MTL_ENABLE_DEBUG_INFO = INCLUDE_SOURCE;
				MTL_FAST_MATH = YES;
				ONLY_ACTIVE_ARCH = YES;
				SDKROOT = iphoneos;
				SWIFT_ACTIVE_COMPILATION_CONDITIONS = DEBUG;
				SWIFT_OPTIMIZATION_LEVEL = "-Onone";
			};
			name = Debug;
		};
		0444943F2A90AC8500B46974 /* Release */ = {
			isa = XCBuildConfiguration;
			buildSettings = {
				ALWAYS_SEARCH_USER_PATHS = NO;
				CLANG_ANALYZER_NONNULL = YES;
				CLANG_ANALYZER_NUMBER_OBJECT_CONVERSION = YES_AGGRESSIVE;
				CLANG_CXX_LANGUAGE_STANDARD = "gnu++20";
				CLANG_ENABLE_MODULES = YES;
				CLANG_ENABLE_OBJC_ARC = YES;
				CLANG_ENABLE_OBJC_WEAK = YES;
				CLANG_WARN_BLOCK_CAPTURE_AUTORELEASING = YES;
				CLANG_WARN_BOOL_CONVERSION = YES;
				CLANG_WARN_COMMA = YES;
				CLANG_WARN_CONSTANT_CONVERSION = YES;
				CLANG_WARN_DEPRECATED_OBJC_IMPLEMENTATIONS = YES;
				CLANG_WARN_DIRECT_OBJC_ISA_USAGE = YES_ERROR;
				CLANG_WARN_DOCUMENTATION_COMMENTS = YES;
				CLANG_WARN_EMPTY_BODY = YES;
				CLANG_WARN_ENUM_CONVERSION = YES;
				CLANG_WARN_INFINITE_RECURSION = YES;
				CLANG_WARN_INT_CONVERSION = YES;
				CLANG_WARN_NON_LITERAL_NULL_CONVERSION = YES;
				CLANG_WARN_OBJC_IMPLICIT_RETAIN_SELF = YES;
				CLANG_WARN_OBJC_LITERAL_CONVERSION = YES;
				CLANG_WARN_OBJC_ROOT_CLASS = YES_ERROR;
				CLANG_WARN_QUOTED_INCLUDE_IN_FRAMEWORK_HEADER = YES;
				CLANG_WARN_RANGE_LOOP_ANALYSIS = YES;
				CLANG_WARN_STRICT_PROTOTYPES = YES;
				CLANG_WARN_SUSPICIOUS_MOVE = YES;
				CLANG_WARN_UNGUARDED_AVAILABILITY = YES_AGGRESSIVE;
				CLANG_WARN_UNREACHABLE_CODE = YES;
				CLANG_WARN__DUPLICATE_METHOD_MATCH = YES;
				COPY_PHASE_STRIP = NO;
				DEBUG_INFORMATION_FORMAT = "dwarf-with-dsym";
				ENABLE_NS_ASSERTIONS = NO;
				ENABLE_STRICT_OBJC_MSGSEND = YES;
				GCC_C_LANGUAGE_STANDARD = gnu11;
				GCC_NO_COMMON_BLOCKS = YES;
				GCC_WARN_64_TO_32_BIT_CONVERSION = YES;
				GCC_WARN_ABOUT_RETURN_TYPE = YES_ERROR;
				GCC_WARN_UNDECLARED_SELECTOR = YES;
				GCC_WARN_UNINITIALIZED_AUTOS = YES_AGGRESSIVE;
				GCC_WARN_UNUSED_FUNCTION = YES;
				GCC_WARN_UNUSED_VARIABLE = YES;
				IPHONEOS_DEPLOYMENT_TARGET = 16.2;
				MTL_ENABLE_DEBUG_INFO = NO;
				MTL_FAST_MATH = YES;
				SDKROOT = iphoneos;
				SWIFT_COMPILATION_MODE = wholemodule;
				SWIFT_OPTIMIZATION_LEVEL = "-O";
				VALIDATE_PRODUCT = YES;
			};
			name = Release;
		};
		044494412A90AC8500B46974 /* Debug */ = {
			isa = XCBuildConfiguration;
			buildSettings = {
				ASSETCATALOG_COMPILER_APPICON_NAME = AppIcon;
				ASSETCATALOG_COMPILER_GLOBAL_ACCENT_COLOR_NAME = AccentColor;
				CODE_SIGN_STYLE = Automatic;
				CURRENT_PROJECT_VERSION = 1;
				DEVELOPMENT_TEAM = 7DG4TKC495;
				GENERATE_INFOPLIST_FILE = YES;
				INFOPLIST_FILE = "Rawg Io API/Info.plist";
				INFOPLIST_KEY_UIApplicationSupportsIndirectInputEvents = YES;
				INFOPLIST_KEY_UILaunchStoryboardName = Main.storyboard;
				INFOPLIST_KEY_UIMainStoryboardFile = Main;
				INFOPLIST_KEY_UISupportedInterfaceOrientations_iPad = "UIInterfaceOrientationPortrait UIInterfaceOrientationPortraitUpsideDown UIInterfaceOrientationLandscapeLeft UIInterfaceOrientationLandscapeRight";
				INFOPLIST_KEY_UISupportedInterfaceOrientations_iPhone = "UIInterfaceOrientationPortrait UIInterfaceOrientationLandscapeLeft UIInterfaceOrientationLandscapeRight";
				LD_RUNPATH_SEARCH_PATHS = (
					"$(inherited)",
					"@executable_path/Frameworks",
				);
				MARKETING_VERSION = 1.0;
				PRODUCT_BUNDLE_IDENTIFIER = "com.programmergabut.Rawg-Io-API";
				PRODUCT_NAME = "$(TARGET_NAME)";
				SWIFT_EMIT_LOC_STRINGS = YES;
				SWIFT_VERSION = 5.0;
				TARGETED_DEVICE_FAMILY = "1,2";
			};
			name = Debug;
		};
		044494422A90AC8500B46974 /* Release */ = {
			isa = XCBuildConfiguration;
			buildSettings = {
				ASSETCATALOG_COMPILER_APPICON_NAME = AppIcon;
				ASSETCATALOG_COMPILER_GLOBAL_ACCENT_COLOR_NAME = AccentColor;
				CODE_SIGN_STYLE = Automatic;
				CURRENT_PROJECT_VERSION = 1;
				DEVELOPMENT_TEAM = 7DG4TKC495;
				GENERATE_INFOPLIST_FILE = YES;
				INFOPLIST_FILE = "Rawg Io API/Info.plist";
				INFOPLIST_KEY_UIApplicationSupportsIndirectInputEvents = YES;
				INFOPLIST_KEY_UILaunchStoryboardName = Main.storyboard;
				INFOPLIST_KEY_UIMainStoryboardFile = Main;
				INFOPLIST_KEY_UISupportedInterfaceOrientations_iPad = "UIInterfaceOrientationPortrait UIInterfaceOrientationPortraitUpsideDown UIInterfaceOrientationLandscapeLeft UIInterfaceOrientationLandscapeRight";
				INFOPLIST_KEY_UISupportedInterfaceOrientations_iPhone = "UIInterfaceOrientationPortrait UIInterfaceOrientationLandscapeLeft UIInterfaceOrientationLandscapeRight";
				LD_RUNPATH_SEARCH_PATHS = (
					"$(inherited)",
					"@executable_path/Frameworks",
				);
				MARKETING_VERSION = 1.0;
				PRODUCT_BUNDLE_IDENTIFIER = "com.programmergabut.Rawg-Io-API";
				PRODUCT_NAME = "$(TARGET_NAME)";
				SWIFT_EMIT_LOC_STRINGS = YES;
				SWIFT_VERSION = 5.0;
				TARGETED_DEVICE_FAMILY = "1,2";
			};
			name = Release;
		};
/* End XCBuildConfiguration section */

/* Begin XCConfigurationList section */
		044494272A90AC8400B46974 /* Build configuration list for PBXProject "Rawg Io API" */ = {
			isa = XCConfigurationList;
			buildConfigurations = (
				0444943E2A90AC8500B46974 /* Debug */,
				0444943F2A90AC8500B46974 /* Release */,
			);
			defaultConfigurationIsVisible = 0;
			defaultConfigurationName = Release;
		};
		044494402A90AC8500B46974 /* Build configuration list for PBXNativeTarget "Rawg Io API" */ = {
			isa = XCConfigurationList;
			buildConfigurations = (
				044494412A90AC8500B46974 /* Debug */,
				044494422A90AC8500B46974 /* Release */,
			);
			defaultConfigurationIsVisible = 0;
			defaultConfigurationName = Release;
		};
/* End XCConfigurationList section */

/* Begin XCRemoteSwiftPackageReference section */
		16BA0E1B2AFB90EF001955D1 /* XCRemoteSwiftPackageReference "iOS-Game-App-About" */ = {
			isa = XCRemoteSwiftPackageReference;
			repositoryURL = "https://github.com/jiwomdf/iOS-Game-App-About.git";
			requirement = {
				branch = master;
				kind = branch;
			};
		};
		16BA0E1E2AFB90FC001955D1 /* XCRemoteSwiftPackageReference "iOS-Game-App-Core" */ = {
			isa = XCRemoteSwiftPackageReference;
			repositoryURL = "https://github.com/jiwomdf/iOS-Game-App-Core.git";
			requirement = {
				branch = master;
				kind = branch;
			};
		};
		16D4C5B12AFC0A4D002C76E8 /* XCRemoteSwiftPackageReference "SDWebImage" */ = {
			isa = XCRemoteSwiftPackageReference;
			repositoryURL = "https://github.com/SDWebImage/SDWebImage.git";
			requirement = {
				kind = upToNextMajorVersion;
				minimumVersion = 5.0.0;
			};
		};
/* End XCRemoteSwiftPackageReference section */

/* Begin XCSwiftPackageProductDependency section */
		16BA0E212AFB9112001955D1 /* iOS-Game-App-About */ = {
			isa = XCSwiftPackageProductDependency;
			package = 16BA0E1B2AFB90EF001955D1 /* XCRemoteSwiftPackageReference "iOS-Game-App-About" */;
			productName = "iOS-Game-App-About";
		};
		16BA0E232AFB9115001955D1 /* Core */ = {
			isa = XCSwiftPackageProductDependency;
			package = 16BA0E1E2AFB90FC001955D1 /* XCRemoteSwiftPackageReference "iOS-Game-App-Core" */;
			productName = Core;
		};
		16D4C5B22AFC0A4D002C76E8 /* SDWebImage */ = {
			isa = XCSwiftPackageProductDependency;
			package = 16D4C5B12AFC0A4D002C76E8 /* XCRemoteSwiftPackageReference "SDWebImage" */;
			productName = SDWebImage;
		};
/* End XCSwiftPackageProductDependency section */
	};
	rootObject = 044494242A90AC8400B46974 /* Project object */;
}
